// !$*UTF8*$!
{
	archiveVersion = 1;
	classes = {
	};
	objectVersion = 48;
	objects = {

/* Begin PBXBuildFile section */
		BDD7FB54A9EFE75548C9AAD8 /* Pods_List_It.framework in Frameworks */ = {isa = PBXBuildFile; fileRef = AD4EFCA6C11142D586655B86 /* Pods_List_It.framework */; };
		F40540DD206D657A008A2E72 /* AppDelegate.swift in Sources */ = {isa = PBXBuildFile; fileRef = F40540DC206D657A008A2E72 /* AppDelegate.swift */; };
		F40540DF206D657A008A2E72 /* ToDoListViewController.swift in Sources */ = {isa = PBXBuildFile; fileRef = F40540DE206D657A008A2E72 /* ToDoListViewController.swift */; };
		F40540E2206D657A008A2E72 /* Main.storyboard in Resources */ = {isa = PBXBuildFile; fileRef = F40540E0206D657A008A2E72 /* Main.storyboard */; };
		F40540E4206D657A008A2E72 /* Assets.xcassets in Resources */ = {isa = PBXBuildFile; fileRef = F40540E3206D657A008A2E72 /* Assets.xcassets */; };
		F40540E7206D657A008A2E72 /* LaunchScreen.storyboard in Resources */ = {isa = PBXBuildFile; fileRef = F40540E5206D657A008A2E72 /* LaunchScreen.storyboard */; };
		F44AE6A72082E81C003AD272 /* CategoryViewController.swift in Sources */ = {isa = PBXBuildFile; fileRef = F44AE6A62082E81C003AD272 /* CategoryViewController.swift */; };
		F44AE6AB208435F1003AD272 /* Item.swift in Sources */ = {isa = PBXBuildFile; fileRef = F44AE6AA208435F1003AD272 /* Item.swift */; };
		F44AE6AD208435FE003AD272 /* Category.swift in Sources */ = {isa = PBXBuildFile; fileRef = F44AE6AC208435FE003AD272 /* Category.swift */; };
		F4C3CD5A20957E4D00784AA1 /* SwipeTableViewController.swift in Sources */ = {isa = PBXBuildFile; fileRef = F4C3CD5920957E4D00784AA1 /* SwipeTableViewController.swift */; };
/* End PBXBuildFile section */

/* Begin PBXFileReference section */
		07174E6B69C03A577C809F03 /* Pods-List It.debug.xcconfig */ = {isa = PBXFileReference; includeInIndex = 1; lastKnownFileType = text.xcconfig; name = "Pods-List It.debug.xcconfig"; path = "Pods/Target Support Files/Pods-List It/Pods-List It.debug.xcconfig"; sourceTree = "<group>"; };
		1879A17DC2ED10D2296EEB33 /* Pods-List It.release.xcconfig */ = {isa = PBXFileReference; includeInIndex = 1; lastKnownFileType = text.xcconfig; name = "Pods-List It.release.xcconfig"; path = "Pods/Target Support Files/Pods-List It/Pods-List It.release.xcconfig"; sourceTree = "<group>"; };
		AD4EFCA6C11142D586655B86 /* Pods_List_It.framework */ = {isa = PBXFileReference; explicitFileType = wrapper.framework; includeInIndex = 0; path = Pods_List_It.framework; sourceTree = BUILT_PRODUCTS_DIR; };
		F40540D9206D657A008A2E72 /* List It.app */ = {isa = PBXFileReference; explicitFileType = wrapper.application; includeInIndex = 0; path = "List It.app"; sourceTree = BUILT_PRODUCTS_DIR; };
		F40540DC206D657A008A2E72 /* AppDelegate.swift */ = {isa = PBXFileReference; lastKnownFileType = sourcecode.swift; path = AppDelegate.swift; sourceTree = "<group>"; };
		F40540DE206D657A008A2E72 /* ToDoListViewController.swift */ = {isa = PBXFileReference; lastKnownFileType = sourcecode.swift; path = ToDoListViewController.swift; sourceTree = "<group>"; };
		F40540E1206D657A008A2E72 /* Base */ = {isa = PBXFileReference; lastKnownFileType = file.storyboard; name = Base; path = Base.lproj/Main.storyboard; sourceTree = "<group>"; };
		F40540E3206D657A008A2E72 /* Assets.xcassets */ = {isa = PBXFileReference; lastKnownFileType = folder.assetcatalog; path = Assets.xcassets; sourceTree = "<group>"; };
		F40540E6206D657A008A2E72 /* Base */ = {isa = PBXFileReference; lastKnownFileType = file.storyboard; name = Base; path = Base.lproj/LaunchScreen.storyboard; sourceTree = "<group>"; };
		F40540E8206D657A008A2E72 /* Info.plist */ = {isa = PBXFileReference; lastKnownFileType = text.plist.xml; path = Info.plist; sourceTree = "<group>"; };
		F44AE6A62082E81C003AD272 /* CategoryViewController.swift */ = {isa = PBXFileReference; lastKnownFileType = sourcecode.swift; path = CategoryViewController.swift; sourceTree = "<group>"; };
		F44AE6AA208435F1003AD272 /* Item.swift */ = {isa = PBXFileReference; lastKnownFileType = sourcecode.swift; path = Item.swift; sourceTree = "<group>"; };
		F44AE6AC208435FE003AD272 /* Category.swift */ = {isa = PBXFileReference; lastKnownFileType = sourcecode.swift; path = Category.swift; sourceTree = "<group>"; };
		F4C3CD5920957E4D00784AA1 /* SwipeTableViewController.swift */ = {isa = PBXFileReference; lastKnownFileType = sourcecode.swift; path = SwipeTableViewController.swift; sourceTree = "<group>"; };
/* End PBXFileReference section */

/* Begin PBXFrameworksBuildPhase section */
		F40540D6206D657A008A2E72 /* Frameworks */ = {
			isa = PBXFrameworksBuildPhase;
			buildActionMask = 2147483647;
			files = (
				BDD7FB54A9EFE75548C9AAD8 /* Pods_List_It.framework in Frameworks */,
			);
			runOnlyForDeploymentPostprocessing = 0;
		};
/* End PBXFrameworksBuildPhase section */

/* Begin PBXGroup section */
		36C819D7C25BD7403269ED3B /* Frameworks */ = {
			isa = PBXGroup;
			children = (
				AD4EFCA6C11142D586655B86 /* Pods_List_It.framework */,
			);
			name = Frameworks;
			sourceTree = "<group>";
		};
		F40540D0206D657A008A2E72 = {
			isa = PBXGroup;
			children = (
				F40540DB206D657A008A2E72 /* List It */,
				F40540DA206D657A008A2E72 /* Products */,
				FD80DFED61811E4E6F181BDA /* Pods */,
				36C819D7C25BD7403269ED3B /* Frameworks */,
			);
			sourceTree = "<group>";
		};
		F40540DA206D657A008A2E72 /* Products */ = {
			isa = PBXGroup;
			children = (
				F40540D9206D657A008A2E72 /* List It.app */,
			);
			name = Products;
			sourceTree = "<group>";
		};
		F40540DB206D657A008A2E72 /* List It */ = {
			isa = PBXGroup;
			children = (
				F40540DC206D657A008A2E72 /* AppDelegate.swift */,
				F4576F0620748D2400E9C982 /* Data Model */,
				F4576F0720748D4000E9C982 /* Controllers */,
				F4576F0820748D4F00E9C982 /* Views */,
				F4576F0A20748D6400E9C982 /* Supporting Files */,
				F40540E8206D657A008A2E72 /* Info.plist */,
			);
			path = "List It";
			sourceTree = "<group>";
		};
		F4576F0620748D2400E9C982 /* Data Model */ = {
			isa = PBXGroup;
			children = (
				F44AE6AC208435FE003AD272 /* Category.swift */,
				F44AE6AA208435F1003AD272 /* Item.swift */,
			);
			path = "Data Model";
			sourceTree = "<group>";
		};
		F4576F0720748D4000E9C982 /* Controllers */ = {
			isa = PBXGroup;
			children = (
				F44AE6A62082E81C003AD272 /* CategoryViewController.swift */,
				F40540DE206D657A008A2E72 /* ToDoListViewController.swift */,
				F4C3CD5920957E4D00784AA1 /* SwipeTableViewController.swift */,
			);
			path = Controllers;
			sourceTree = "<group>";
		};
		F4576F0820748D4F00E9C982 /* Views */ = {
			isa = PBXGroup;
			children = (
				F40540E5206D657A008A2E72 /* LaunchScreen.storyboard */,
				F40540E0206D657A008A2E72 /* Main.storyboard */,
			);
			path = Views;
			sourceTree = "<group>";
		};
		F4576F0A20748D6400E9C982 /* Supporting Files */ = {
			isa = PBXGroup;
			children = (
				F40540E3206D657A008A2E72 /* Assets.xcassets */,
			);
			path = "Supporting Files";
			sourceTree = "<group>";
		};
		FD80DFED61811E4E6F181BDA /* Pods */ = {
			isa = PBXGroup;
			children = (
				07174E6B69C03A577C809F03 /* Pods-List It.debug.xcconfig */,
				1879A17DC2ED10D2296EEB33 /* Pods-List It.release.xcconfig */,
			);
			name = Pods;
			sourceTree = "<group>";
		};
/* End PBXGroup section */

/* Begin PBXNativeTarget section */
		F40540D8206D657A008A2E72 /* List It */ = {
			isa = PBXNativeTarget;
			buildConfigurationList = F40540EB206D657A008A2E72 /* Build configuration list for PBXNativeTarget "List It" */;
			buildPhases = (
				8F7E7C9D65F4649E065138B8 /* [CP] Check Pods Manifest.lock */,
				F40540D5206D657A008A2E72 /* Sources */,
				F40540D6206D657A008A2E72 /* Frameworks */,
				F40540D7206D657A008A2E72 /* Resources */,
				E022840FE934789EDBAB44B0 /* [CP] Embed Pods Frameworks */,
				688891E3F5092A180D55C159 /* [CP] Copy Pods Resources */,
			);
			buildRules = (
			);
			dependencies = (
			);
			name = "List It";
			productName = "List It";
			productReference = F40540D9206D657A008A2E72 /* List It.app */;
			productType = "com.apple.product-type.application";
		};
/* End PBXNativeTarget section */

/* Begin PBXProject section */
		F40540D1206D657A008A2E72 /* Project object */ = {
			isa = PBXProject;
			attributes = {
				LastSwiftUpdateCheck = 0920;
				LastUpgradeCheck = 0930;
				ORGANIZATIONNAME = "Eye Zone";
				TargetAttributes = {
					F40540D8206D657A008A2E72 = {
						CreatedOnToolsVersion = 9.2;
						ProvisioningStyle = Automatic;
					};
				};
			};
			buildConfigurationList = F40540D4206D657A008A2E72 /* Build configuration list for PBXProject "List It" */;
			compatibilityVersion = "Xcode 8.0";
			developmentRegion = en;
			hasScannedForEncodings = 0;
			knownRegions = (
				en,
				Base,
			);
			mainGroup = F40540D0206D657A008A2E72;
			productRefGroup = F40540DA206D657A008A2E72 /* Products */;
			projectDirPath = "";
			projectRoot = "";
			targets = (
				F40540D8206D657A008A2E72 /* List It */,
			);
		};
/* End PBXProject section */

/* Begin PBXResourcesBuildPhase section */
		F40540D7206D657A008A2E72 /* Resources */ = {
			isa = PBXResourcesBuildPhase;
			buildActionMask = 2147483647;
			files = (
				F40540E7206D657A008A2E72 /* LaunchScreen.storyboard in Resources */,
				F40540E4206D657A008A2E72 /* Assets.xcassets in Resources */,
				F40540E2206D657A008A2E72 /* Main.storyboard in Resources */,
			);
			runOnlyForDeploymentPostprocessing = 0;
		};
/* End PBXResourcesBuildPhase section */

/* Begin PBXShellScriptBuildPhase section */
		688891E3F5092A180D55C159 /* [CP] Copy Pods Resources */ = {
			isa = PBXShellScriptBuildPhase;
			buildActionMask = 2147483647;
			files = (
			);
			inputPaths = (
			);
			name = "[CP] Copy Pods Resources";
			outputPaths = (
			);
			runOnlyForDeploymentPostprocessing = 0;
			shellPath = /bin/sh;
			shellScript = "\"${SRCROOT}/Pods/Target Support Files/Pods-List It/Pods-List It-resources.sh\"\n";
			showEnvVarsInLog = 0;
		};
		8F7E7C9D65F4649E065138B8 /* [CP] Check Pods Manifest.lock */ = {
			isa = PBXShellScriptBuildPhase;
			buildActionMask = 2147483647;
			files = (
			);
			inputPaths = (
				"${PODS_PODFILE_DIR_PATH}/Podfile.lock",
				"${PODS_ROOT}/Manifest.lock",
			);
			name = "[CP] Check Pods Manifest.lock";
			outputPaths = (
				"$(DERIVED_FILE_DIR)/Pods-List It-checkManifestLockResult.txt",
			);
			runOnlyForDeploymentPostprocessing = 0;
			shellPath = /bin/sh;
			shellScript = "diff \"${PODS_PODFILE_DIR_PATH}/Podfile.lock\" \"${PODS_ROOT}/Manifest.lock\" > /dev/null\nif [ $? != 0 ] ; then\n    # print error to STDERR\n    echo \"error: The sandbox is not in sync with the Podfile.lock. Run 'pod install' or update your CocoaPods installation.\" >&2\n    exit 1\nfi\n# This output is used by Xcode 'outputs' to avoid re-running this script phase.\necho \"SUCCESS\" > \"${SCRIPT_OUTPUT_FILE_0}\"\n";
			showEnvVarsInLog = 0;
		};
		E022840FE934789EDBAB44B0 /* [CP] Embed Pods Frameworks */ = {
			isa = PBXShellScriptBuildPhase;
			buildActionMask = 2147483647;
			files = (
			);
			inputPaths = (
				"${SRCROOT}/Pods/Target Support Files/Pods-List It/Pods-List It-frameworks.sh",
				"${BUILT_PRODUCTS_DIR}/ChameleonFramework/ChameleonFramework.framework",
				"${BUILT_PRODUCTS_DIR}/Realm/Realm.framework",
				"${BUILT_PRODUCTS_DIR}/RealmSwift/RealmSwift.framework",
				"${BUILT_PRODUCTS_DIR}/SwipeCellKit/SwipeCellKit.framework",
			);
			name = "[CP] Embed Pods Frameworks";
			outputPaths = (
				"${TARGET_BUILD_DIR}/${FRAMEWORKS_FOLDER_PATH}/ChameleonFramework.framework",
				"${TARGET_BUILD_DIR}/${FRAMEWORKS_FOLDER_PATH}/Realm.framework",
				"${TARGET_BUILD_DIR}/${FRAMEWORKS_FOLDER_PATH}/RealmSwift.framework",
				"${TARGET_BUILD_DIR}/${FRAMEWORKS_FOLDER_PATH}/SwipeCellKit.framework",
			);
			runOnlyForDeploymentPostprocessing = 0;
			shellPath = /bin/sh;
			shellScript = "\"${SRCROOT}/Pods/Target Support Files/Pods-List It/Pods-List It-frameworks.sh\"\n";
			showEnvVarsInLog = 0;
		};
/* End PBXShellScriptBuildPhase section */

/* Begin PBXSourcesBuildPhase section */
		F40540D5206D657A008A2E72 /* Sources */ = {
			isa = PBXSourcesBuildPhase;
			buildActionMask = 2147483647;
			files = (
				F44AE6AB208435F1003AD272 /* Item.swift in Sources */,
				F40540DF206D657A008A2E72 /* ToDoListViewController.swift in Sources */,
				F40540DD206D657A008A2E72 /* AppDelegate.swift in Sources */,
				F44AE6A72082E81C003AD272 /* CategoryViewController.swift in Sources */,
				F4C3CD5A20957E4D00784AA1 /* SwipeTableViewController.swift in Sources */,
				F44AE6AD208435FE003AD272 /* Category.swift in Sources */,
			);
			runOnlyForDeploymentPostprocessing = 0;
		};
/* End PBXSourcesBuildPhase section */

/* Begin PBXVariantGroup section */
		F40540E0206D657A008A2E72 /* Main.storyboard */ = {
			isa = PBXVariantGroup;
			children = (
				F40540E1206D657A008A2E72 /* Base */,
			);
			name = Main.storyboard;
			sourceTree = "<group>";
		};
		F40540E5206D657A008A2E72 /* LaunchScreen.storyboard */ = {
			isa = PBXVariantGroup;
			children = (
				F40540E6206D657A008A2E72 /* Base */,
			);
			name = LaunchScreen.storyboard;
			sourceTree = "<group>";
		};
/* End PBXVariantGroup section */

/* Begin XCBuildConfiguration section */
		F40540E9206D657A008A2E72 /* Debug */ = {
			isa = XCBuildConfiguration;
			buildSettings = {
				ALWAYS_SEARCH_USER_PATHS = NO;
				CLANG_ANALYZER_NONNULL = YES;
				CLANG_ANALYZER_NUMBER_OBJECT_CONVERSION = YES_AGGRESSIVE;
				CLANG_CXX_LANGUAGE_STANDARD = "gnu++14";
				CLANG_CXX_LIBRARY = "libc++";
				CLANG_ENABLE_MODULES = YES;
				CLANG_ENABLE_OBJC_ARC = YES;
				CLANG_WARN_BLOCK_CAPTURE_AUTORELEASING = YES;
				CLANG_WARN_BOOL_CONVERSION = YES;
				CLANG_WARN_COMMA = YES;
				CLANG_WARN_CONSTANT_CONVERSION = YES;
				CLANG_WARN_DEPRECATED_OBJC_IMPLEMENTATIONS = YES;
				CLANG_WARN_DIRECT_OBJC_ISA_USAGE = YES_ERROR;
				CLANG_WARN_DOCUMENTATION_COMMENTS = YES;
				CLANG_WARN_EMPTY_BODY = YES;
				CLANG_WARN_ENUM_CONVERSION = YES;
				CLANG_WARN_INFINITE_RECURSION = YES;
				CLANG_WARN_INT_CONVERSION = YES;
				CLANG_WARN_NON_LITERAL_NULL_CONVERSION = YES;
				CLANG_WARN_OBJC_IMPLICIT_RETAIN_SELF = YES;
				CLANG_WARN_OBJC_LITERAL_CONVERSION = YES;
				CLANG_WARN_OBJC_ROOT_CLASS = YES_ERROR;
				CLANG_WARN_RANGE_LOOP_ANALYSIS = YES;
				CLANG_WARN_STRICT_PROTOTYPES = YES;
				CLANG_WARN_SUSPICIOUS_MOVE = YES;
				CLANG_WARN_UNGUARDED_AVAILABILITY = YES_AGGRESSIVE;
				CLANG_WARN_UNREACHABLE_CODE = YES;
				CLANG_WARN__DUPLICATE_METHOD_MATCH = YES;
				CODE_SIGN_IDENTITY = "iPhone Developer";
				COPY_PHASE_STRIP = NO;
				DEBUG_INFORMATION_FORMAT = dwarf;
				ENABLE_STRICT_OBJC_MSGSEND = YES;
				ENABLE_TESTABILITY = YES;
				GCC_C_LANGUAGE_STANDARD = gnu11;
				GCC_DYNAMIC_NO_PIC = NO;
				GCC_NO_COMMON_BLOCKS = YES;
				GCC_OPTIMIZATION_LEVEL = 0;
				GCC_PREPROCESSOR_DEFINITIONS = (
					"DEBUG=1",
					"$(inherited)",
				);
				GCC_WARN_64_TO_32_BIT_CONVERSION = YES;
				GCC_WARN_ABOUT_RETURN_TYPE = YES_ERROR;
				GCC_WARN_UNDECLARED_SELECTOR = YES;
				GCC_WARN_UNINITIALIZED_AUTOS = YES_AGGRESSIVE;
				GCC_WARN_UNUSED_FUNCTION = YES;
				GCC_WARN_UNUSED_VARIABLE = YES;
				IPHONEOS_DEPLOYMENT_TARGET = 11.2;
				MTL_ENABLE_DEBUG_INFO = YES;
				ONLY_ACTIVE_ARCH = YES;
				SDKROOT = iphoneos;
				SWIFT_ACTIVE_COMPILATION_CONDITIONS = DEBUG;
				SWIFT_OPTIMIZATION_LEVEL = "-Onone";
			};
			name = Debug;
		};
		F40540EA206D657A008A2E72 /* Release */ = {
			isa = XCBuildConfiguration;
			buildSettings = {
				ALWAYS_SEARCH_USER_PATHS = NO;
				CLANG_ANALYZER_NONNULL = YES;
				CLANG_ANALYZER_NUMBER_OBJECT_CONVERSION = YES_AGGRESSIVE;
				CLANG_CXX_LANGUAGE_STANDARD = "gnu++14";
				CLANG_CXX_LIBRARY = "libc++";
				CLANG_ENABLE_MODULES = YES;
				CLANG_ENABLE_OBJC_ARC = YES;
				CLANG_WARN_BLOCK_CAPTURE_AUTORELEASING = YES;
				CLANG_WARN_BOOL_CONVERSION = YES;
				CLANG_WARN_COMMA = YES;
				CLANG_WARN_CONSTANT_CONVERSION = YES;
				CLANG_WARN_DEPRECATED_OBJC_IMPLEMENTATIONS = YES;
				CLANG_WARN_DIRECT_OBJC_ISA_USAGE = YES_ERROR;
				CLANG_WARN_DOCUMENTATION_COMMENTS = YES;
				CLANG_WARN_EMPTY_BODY = YES;
				CLANG_WARN_ENUM_CONVERSION = YES;
				CLANG_WARN_INFINITE_RECURSION = YES;
				CLANG_WARN_INT_CONVERSION = YES;
				CLANG_WARN_NON_LITERAL_NULL_CONVERSION = YES;
				CLANG_WARN_OBJC_IMPLICIT_RETAIN_SELF = YES;
				CLANG_WARN_OBJC_LITERAL_CONVERSION = YES;
				CLANG_WARN_OBJC_ROOT_CLASS = YES_ERROR;
				CLANG_WARN_RANGE_LOOP_ANALYSIS = YES;
				CLANG_WARN_STRICT_PROTOTYPES = YES;
				CLANG_WARN_SUSPICIOUS_MOVE = YES;
				CLANG_WARN_UNGUARDED_AVAILABILITY = YES_AGGRESSIVE;
				CLANG_WARN_UNREACHABLE_CODE = YES;
				CLANG_WARN__DUPLICATE_METHOD_MATCH = YES;
				CODE_SIGN_IDENTITY = "iPhone Developer";
				COPY_PHASE_STRIP = NO;
				DEBUG_INFORMATION_FORMAT = "dwarf-with-dsym";
				ENABLE_NS_ASSERTIONS = NO;
				ENABLE_STRICT_OBJC_MSGSEND = YES;
				GCC_C_LANGUAGE_STANDARD = gnu11;
				GCC_NO_COMMON_BLOCKS = YES;
				GCC_WARN_64_TO_32_BIT_CONVERSION = YES;
				GCC_WARN_ABOUT_RETURN_TYPE = YES_ERROR;
				GCC_WARN_UNDECLARED_SELECTOR = YES;
				GCC_WARN_UNINITIALIZED_AUTOS = YES_AGGRESSIVE;
				GCC_WARN_UNUSED_FUNCTION = YES;
				GCC_WARN_UNUSED_VARIABLE = YES;
				IPHONEOS_DEPLOYMENT_TARGET = 11.2;
				MTL_ENABLE_DEBUG_INFO = NO;
				SDKROOT = iphoneos;
				SWIFT_OPTIMIZATION_LEVEL = "-Owholemodule";
				VALIDATE_PRODUCT = YES;
			};
			name = Release;
		};
		F40540EC206D657A008A2E72 /* Debug */ = {
			isa = XCBuildConfiguration;
			baseConfigurationReference = 07174E6B69C03A577C809F03 /* Pods-List It.debug.xcconfig */;
			buildSettings = {
				ASSETCATALOG_COMPILER_APPICON_NAME = AppIcon;
				CODE_SIGN_STYLE = Automatic;
				DEVELOPMENT_TEAM = 38WM99Y2XY;
				INFOPLIST_FILE = "List It/Info.plist";
				LD_RUNPATH_SEARCH_PATHS = "$(inherited) @executable_path/Frameworks";
				PRODUCT_BUNDLE_IDENTIFIER = "com.theyoungsalmon.List-It";
				PRODUCT_NAME = "$(TARGET_NAME)";
				SWIFT_VERSION = 4.0;
				TARGETED_DEVICE_FAMILY = "1,2";
			};
			name = Debug;
		};
		F40540ED206D657A008A2E72 /* Release */ = {
			isa = XCBuildConfiguration;
			baseConfigurationReference = 1879A17DC2ED10D2296EEB33 /* Pods-List It.release.xcconfig */;
			buildSettings = {
				ASSETCATALOG_COMPILER_APPICON_NAME = AppIcon;
				CODE_SIGN_STYLE = Automatic;
				DEVELOPMENT_TEAM = 38WM99Y2XY;
				INFOPLIST_FILE = "List It/Info.plist";
				LD_RUNPATH_SEARCH_PATHS = "$(inherited) @executable_path/Frameworks";
				PRODUCT_BUNDLE_IDENTIFIER = "com.theyoungsalmon.List-It";
				PRODUCT_NAME = "$(TARGET_NAME)";
				SWIFT_VERSION = 4.0;
				TARGETED_DEVICE_FAMILY = "1,2";
			};
			name = Release;
		};
/* End XCBuildConfiguration section */

/* Begin XCConfigurationList section */
		F40540D4206D657A008A2E72 /* Build configuration list for PBXProject "List It" */ = {
			isa = XCConfigurationList;
			buildConfigurations = (
				F40540E9206D657A008A2E72 /* Debug */,
				F40540EA206D657A008A2E72 /* Release */,
			);
			defaultConfigurationIsVisible = 0;
			defaultConfigurationName = Release;
		};
		F40540EB206D657A008A2E72 /* Build configuration list for PBXNativeTarget "List It" */ = {
			isa = XCConfigurationList;
			buildConfigurations = (
				F40540EC206D657A008A2E72 /* Debug */,
				F40540ED206D657A008A2E72 /* Release */,
			);
			defaultConfigurationIsVisible = 0;
			defaultConfigurationName = Release;
		};
/* End XCConfigurationList section */
	};
	rootObject = F40540D1206D657A008A2E72 /* Project object */;
}
